// !$*UTF8*$!
{
	archiveVersion = 1;
	classes = {
	};
	objectVersion = 56;
	objects = {

/* Begin PBXBuildFile section */
		07C457A02BB9481A00EDE16F /* AppDelegate.swift in Sources */ = {isa = PBXBuildFile; fileRef = 07C4579F2BB9481A00EDE16F /* AppDelegate.swift */; };
		07C457A22BB9481A00EDE16F /* SceneDelegate.swift in Sources */ = {isa = PBXBuildFile; fileRef = 07C457A12BB9481A00EDE16F /* SceneDelegate.swift */; };
		07C457A42BB9481A00EDE16F /* ViewController.swift in Sources */ = {isa = PBXBuildFile; fileRef = 07C457A32BB9481A00EDE16F /* ViewController.swift */; };
		07C457A72BB9481A00EDE16F /* Main.storyboard in Resources */ = {isa = PBXBuildFile; fileRef = 07C457A52BB9481A00EDE16F /* Main.storyboard */; };
		07C457A92BB9481D00EDE16F /* Assets.xcassets in Resources */ = {isa = PBXBuildFile; fileRef = 07C457A82BB9481D00EDE16F /* Assets.xcassets */; };
		07C457AC2BB9481D00EDE16F /* LaunchScreen.storyboard in Resources */ = {isa = PBXBuildFile; fileRef = 07C457AA2BB9481D00EDE16F /* LaunchScreen.storyboard */; };
		07C457B52BB948AD00EDE16F /* PhotoCell.swift in Sources */ = {isa = PBXBuildFile; fileRef = 07C457B32BB948AD00EDE16F /* PhotoCell.swift */; };
		07C457B62BB948AD00EDE16F /* PhotoCell.xib in Resources */ = {isa = PBXBuildFile; fileRef = 07C457B42BB948AD00EDE16F /* PhotoCell.xib */; };
		07C457B82BB979AF00EDE16F /* viewModel.swift in Sources */ = {isa = PBXBuildFile; fileRef = 07C457B72BB979AF00EDE16F /* viewModel.swift */; };
/* End PBXBuildFile section */

/* Begin PBXFileReference section */
		07C4579C2BB9481900EDE16F /* Prefetching.app */ = {isa = PBXFileReference; explicitFileType = wrapper.application; includeInIndex = 0; path = Prefetching.app; sourceTree = BUILT_PRODUCTS_DIR; };
		07C4579F2BB9481A00EDE16F /* AppDelegate.swift */ = {isa = PBXFileReference; lastKnownFileType = sourcecode.swift; path = AppDelegate.swift; sourceTree = "<group>"; };
		07C457A12BB9481A00EDE16F /* SceneDelegate.swift */ = {isa = PBXFileReference; lastKnownFileType = sourcecode.swift; path = SceneDelegate.swift; sourceTree = "<group>"; };
		07C457A32BB9481A00EDE16F /* ViewController.swift */ = {isa = PBXFileReference; lastKnownFileType = sourcecode.swift; path = ViewController.swift; sourceTree = "<group>"; };
		07C457A62BB9481A00EDE16F /* Base */ = {isa = PBXFileReference; lastKnownFileType = file.storyboard; name = Base; path = Base.lproj/Main.storyboard; sourceTree = "<group>"; };
		07C457A82BB9481D00EDE16F /* Assets.xcassets */ = {isa = PBXFileReference; lastKnownFileType = folder.assetcatalog; path = Assets.xcassets; sourceTree = "<group>"; };
		07C457AB2BB9481D00EDE16F /* Base */ = {isa = PBXFileReference; lastKnownFileType = file.storyboard; name = Base; path = Base.lproj/LaunchScreen.storyboard; sourceTree = "<group>"; };
		07C457AD2BB9481D00EDE16F /* Info.plist */ = {isa = PBXFileReference; lastKnownFileType = text.plist.xml; path = Info.plist; sourceTree = "<group>"; };
		07C457B32BB948AD00EDE16F /* PhotoCell.swift */ = {isa = PBXFileReference; lastKnownFileType = sourcecode.swift; path = PhotoCell.swift; sourceTree = "<group>"; };
		07C457B42BB948AD00EDE16F /* PhotoCell.xib */ = {isa = PBXFileReference; lastKnownFileType = file.xib; path = PhotoCell.xib; sourceTree = "<group>"; };
		07C457B72BB979AF00EDE16F /* viewModel.swift */ = {isa = PBXFileReference; lastKnownFileType = sourcecode.swift; path = viewModel.swift; sourceTree = "<group>"; };
/* End PBXFileReference section */

/* Begin PBXFrameworksBuildPhase section */
		07C457992BB9481900EDE16F /* Frameworks */ = {
			isa = PBXFrameworksBuildPhase;
			buildActionMask = 2147483647;
			files = (
			);
			runOnlyForDeploymentPostprocessing = 0;
		};
/* End PBXFrameworksBuildPhase section */

/* Begin PBXGroup section */
		07C457932BB9481900EDE16F = {
			isa = PBXGroup;
			children = (
				07C4579E2BB9481900EDE16F /* Prefetching */,
				07C4579D2BB9481900EDE16F /* Products */,
			);
			sourceTree = "<group>";
		};
		07C4579D2BB9481900EDE16F /* Products */ = {
			isa = PBXGroup;
			children = (
				07C4579C2BB9481900EDE16F /* Prefetching.app */,
			);
			name = Products;
			sourceTree = "<group>";
		};
		07C4579E2BB9481900EDE16F /* Prefetching */ = {
			isa = PBXGroup;
			children = (
				07C4579F2BB9481A00EDE16F /* AppDelegate.swift */,
				07C457A12BB9481A00EDE16F /* SceneDelegate.swift */,
				07C457A32BB9481A00EDE16F /* ViewController.swift */,
				07C457A52BB9481A00EDE16F /* Main.storyboard */,
				07C457A82BB9481D00EDE16F /* Assets.xcassets */,
				07C457AA2BB9481D00EDE16F /* LaunchScreen.storyboard */,
				07C457AD2BB9481D00EDE16F /* Info.plist */,
				07C457B32BB948AD00EDE16F /* PhotoCell.swift */,
				07C457B42BB948AD00EDE16F /* PhotoCell.xib */,
				07C457B72BB979AF00EDE16F /* viewModel.swift */,
			);
			path = Prefetching;
			sourceTree = "<group>";
		};
/* End PBXGroup section */

/* Begin PBXNativeTarget section */
		07C4579B2BB9481900EDE16F /* Prefetching */ = {
			isa = PBXNativeTarget;
			buildConfigurationList = 07C457B02BB9481D00EDE16F /* Build configuration list for PBXNativeTarget "Prefetching" */;
			buildPhases = (
				07C457982BB9481900EDE16F /* Sources */,
				07C457992BB9481900EDE16F /* Frameworks */,
				07C4579A2BB9481900EDE16F /* Resources */,
			);
			buildRules = (
			);
			dependencies = (
			);
			name = Prefetching;
			productName = Prefetching;
			productReference = 07C4579C2BB9481900EDE16F /* Prefetching.app */;
			productType = "com.apple.product-type.application";
		};
/* End PBXNativeTarget section */

/* Begin PBXProject section */
		07C457942BB9481900EDE16F /* Project object */ = {
			isa = PBXProject;
			attributes = {
				BuildIndependentTargetsInParallel = 1;
				LastSwiftUpdateCheck = 1500;
				LastUpgradeCheck = 1500;
				TargetAttributes = {
					07C4579B2BB9481900EDE16F = {
						CreatedOnToolsVersion = 15.0;
					};
				};
			};
			buildConfigurationList = 07C457972BB9481900EDE16F /* Build configuration list for PBXProject "Prefetching" */;
			compatibilityVersion = "Xcode 14.0";
			developmentRegion = en;
			hasScannedForEncodings = 0;
			knownRegions = (
				en,
				Base,
			);
			mainGroup = 07C457932BB9481900EDE16F;
			productRefGroup = 07C4579D2BB9481900EDE16F /* Products */;
			projectDirPath = "";
			projectRoot = "";
			targets = (
				07C4579B2BB9481900EDE16F /* Prefetching */,
			);
		};
/* End PBXProject section */

/* Begin PBXResourcesBuildPhase section */
		07C4579A2BB9481900EDE16F /* Resources */ = {
			isa = PBXResourcesBuildPhase;
			buildActionMask = 2147483647;
			files = (
				07C457B62BB948AD00EDE16F /* PhotoCell.xib in Resources */,
				07C457AC2BB9481D00EDE16F /* LaunchScreen.storyboard in Resources */,
				07C457A92BB9481D00EDE16F /* Assets.xcassets in Resources */,
				07C457A72BB9481A00EDE16F /* Main.storyboard in Resources */,
			);
			runOnlyForDeploymentPostprocessing = 0;
		};
/* End PBXResourcesBuildPhase section */

/* Begin PBXSourcesBuildPhase section */
		07C457982BB9481900EDE16F /* Sources */ = {
			isa = PBXSourcesBuildPhase;
			buildActionMask = 2147483647;
			files = (
				07C457B52BB948AD00EDE16F /* PhotoCell.swift in Sources */,
				07C457A42BB9481A00EDE16F /* ViewController.swift in Sources */,
				07C457A02BB9481A00EDE16F /* AppDelegate.swift in Sources */,
				07C457B82BB979AF00EDE16F /* viewModel.swift in Sources */,
				07C457A22BB9481A00EDE16F /* SceneDelegate.swift in Sources */,
			);
			runOnlyForDeploymentPostprocessing = 0;
		};
/* End PBXSourcesBuildPhase section */

/* Begin PBXVariantGroup section */
		07C457A52BB9481A00EDE16F /* Main.storyboard */ = {
			isa = PBXVariantGroup;
			children = (
				07C457A62BB9481A00EDE16F /* Base */,
			);
			name = Main.storyboard;
			sourceTree = "<group>";
		};
		07C457AA2BB9481D00EDE16F /* LaunchScreen.storyboard */ = {
			isa = PBXVariantGroup;
			children = (
				07C457AB2BB9481D00EDE16F /* Base */,
			);
			name = LaunchScreen.storyboard;
			sourceTree = "<group>";
		};
/* End PBXVariantGroup section */

/* Begin XCBuildConfiguration section */
		07C457AE2BB9481D00EDE16F /* Debug */ = {
			isa = XCBuildConfiguration;
			buildSettings = {
				ALWAYS_SEARCH_USER_PATHS = NO;
				ASSETCATALOG_COMPILER_GENERATE_SWIFT_ASSET_SYMBOL_EXTENSIONS = YES;
				CLANG_ANALYZER_NONNULL = YES;
				CLANG_ANALYZER_NUMBER_OBJECT_CONVERSION = YES_AGGRESSIVE;
				CLANG_CXX_LANGUAGE_STANDARD = "gnu++20";
				CLANG_ENABLE_MODULES = YES;
				CLANG_ENABLE_OBJC_ARC = YES;
				CLANG_ENABLE_OBJC_WEAK = YES;
				CLANG_WARN_BLOCK_CAPTURE_AUTORELEASING = YES;
				CLANG_WARN_BOOL_CONVERSION = YES;
				CLANG_WARN_COMMA = YES;
				CLANG_WARN_CONSTANT_CONVERSION = YES;
				CLANG_WARN_DEPRECATED_OBJC_IMPLEMENTATIONS = YES;
				CLANG_WARN_DIRECT_OBJC_ISA_USAGE = YES_ERROR;
				CLANG_WARN_DOCUMENTATION_COMMENTS = YES;
				CLANG_WARN_EMPTY_BODY = YES;
				CLANG_WARN_ENUM_CONVERSION = YES;
				CLANG_WARN_INFINITE_RECURSION = YES;
				CLANG_WARN_INT_CONVERSION = YES;
				CLANG_WARN_NON_LITERAL_NULL_CONVERSION = YES;
				CLANG_WARN_OBJC_IMPLICIT_RETAIN_SELF = YES;
				CLANG_WARN_OBJC_LITERAL_CONVERSION = YES;
				CLANG_WARN_OBJC_ROOT_CLASS = YES_ERROR;
				CLANG_WARN_QUOTED_INCLUDE_IN_FRAMEWORK_HEADER = YES;
				CLANG_WARN_RANGE_LOOP_ANALYSIS = YES;
				CLANG_WARN_STRICT_PROTOTYPES = YES;
				CLANG_WARN_SUSPICIOUS_MOVE = YES;
				CLANG_WARN_UNGUARDED_AVAILABILITY = YES_AGGRESSIVE;
				CLANG_WARN_UNREACHABLE_CODE = YES;
				CLANG_WARN__DUPLICATE_METHOD_MATCH = YES;
				COPY_PHASE_STRIP = NO;
				DEBUG_INFORMATION_FORMAT = dwarf;
				ENABLE_STRICT_OBJC_MSGSEND = YES;
				ENABLE_TESTABILITY = YES;
				ENABLE_USER_SCRIPT_SANDBOXING = YES;
				GCC_C_LANGUAGE_STANDARD = gnu17;
				GCC_DYNAMIC_NO_PIC = NO;
				GCC_NO_COMMON_BLOCKS = YES;
				GCC_OPTIMIZATION_LEVEL = 0;
				GCC_PREPROCESSOR_DEFINITIONS = (
					"DEBUG=1",
					"$(inherited)",
				);
				GCC_WARN_64_TO_32_BIT_CONVERSION = YES;
				GCC_WARN_ABOUT_RETURN_TYPE = YES_ERROR;
				GCC_WARN_UNDECLARED_SELECTOR = YES;
				GCC_WARN_UNINITIALIZED_AUTOS = YES_AGGRESSIVE;
				GCC_WARN_UNUSED_FUNCTION = YES;
				GCC_WARN_UNUSED_VARIABLE = YES;
				IPHONEOS_DEPLOYMENT_TARGET = 17.0;
				LOCALIZATION_PREFERS_STRING_CATALOGS = YES;
				MTL_ENABLE_DEBUG_INFO = INCLUDE_SOURCE;
				MTL_FAST_MATH = YES;
				ONLY_ACTIVE_ARCH = YES;
				SDKROOT = iphoneos;
				SWIFT_ACTIVE_COMPILATION_CONDITIONS = "DEBUG $(inherited)";
				SWIFT_OPTIMIZATION_LEVEL = "-Onone";
			};
			name = Debug;
		};
		07C457AF2BB9481D00EDE16F /* Release */ = {
			isa = XCBuildConfiguration;
			buildSettings = {
				ALWAYS_SEARCH_USER_PATHS = NO;
				ASSETCATALOG_COMPILER_GENERATE_SWIFT_ASSET_SYMBOL_EXTENSIONS = YES;
				CLANG_ANALYZER_NONNULL = YES;
				CLANG_ANALYZER_NUMBER_OBJECT_CONVERSION = YES_AGGRESSIVE;
				CLANG_CXX_LANGUAGE_STANDARD = "gnu++20";
				CLANG_ENABLE_MODULES = YES;
				CLANG_ENABLE_OBJC_ARC = YES;
				CLANG_ENABLE_OBJC_WEAK = YES;
				CLANG_WARN_BLOCK_CAPTURE_AUTORELEASING = YES;
				CLANG_WARN_BOOL_CONVERSION = YES;
				CLANG_WARN_COMMA = YES;
				CLANG_WARN_CONSTANT_CONVERSION = YES;
				CLANG_WARN_DEPRECATED_OBJC_IMPLEMENTATIONS = YES;
				CLANG_WARN_DIRECT_OBJC_ISA_USAGE = YES_ERROR;
				CLANG_WARN_DOCUMENTATION_COMMENTS = YES;
				CLANG_WARN_EMPTY_BODY = YES;
				CLANG_WARN_ENUM_CONVERSION = YES;
				CLANG_WARN_INFINITE_RECURSION = YES;
				CLANG_WARN_INT_CONVERSION = YES;
				CLANG_WARN_NON_LITERAL_NULL_CONVERSION = YES;
				CLANG_WARN_OBJC_IMPLICIT_RETAIN_SELF = YES;
				CLANG_WARN_OBJC_LITERAL_CONVERSION = YES;
				CLANG_WARN_OBJC_ROOT_CLASS = YES_ERROR;
				CLANG_WARN_QUOTED_INCLUDE_IN_FRAMEWORK_HEADER = YES;
				CLANG_WARN_RANGE_LOOP_ANALYSIS = YES;
				CLANG_WARN_STRICT_PROTOTYPES = YES;
				CLANG_WARN_SUSPICIOUS_MOVE = YES;
				CLANG_WARN_UNGUARDED_AVAILABILITY = YES_AGGRESSIVE;
				CLANG_WARN_UNREACHABLE_CODE = YES;
				CLANG_WARN__DUPLICATE_METHOD_MATCH = YES;
				COPY_PHASE_STRIP = NO;
				DEBUG_INFORMATION_FORMAT = "dwarf-with-dsym";
				ENABLE_NS_ASSERTIONS = NO;
				ENABLE_STRICT_OBJC_MSGSEND = YES;
				ENABLE_USER_SCRIPT_SANDBOXING = YES;
				GCC_C_LANGUAGE_STANDARD = gnu17;
				GCC_NO_COMMON_BLOCKS = YES;
				GCC_WARN_64_TO_32_BIT_CONVERSION = YES;
				GCC_WARN_ABOUT_RETURN_TYPE = YES_ERROR;
				GCC_WARN_UNDECLARED_SELECTOR = YES;
				GCC_WARN_UNINITIALIZED_AUTOS = YES_AGGRESSIVE;
				GCC_WARN_UNUSED_FUNCTION = YES;
				GCC_WARN_UNUSED_VARIABLE = YES;
				IPHONEOS_DEPLOYMENT_TARGET = 17.0;
				LOCALIZATION_PREFERS_STRING_CATALOGS = YES;
				MTL_ENABLE_DEBUG_INFO = NO;
				MTL_FAST_MATH = YES;
				SDKROOT = iphoneos;
				SWIFT_COMPILATION_MODE = wholemodule;
				VALIDATE_PRODUCT = YES;
			};
			name = Release;
		};
		07C457B12BB9481D00EDE16F /* Debug */ = {
			isa = XCBuildConfiguration;
			buildSettings = {
				ASSETCATALOG_COMPILER_APPICON_NAME = AppIcon;
				ASSETCATALOG_COMPILER_GLOBAL_ACCENT_COLOR_NAME = AccentColor;
				CODE_SIGN_STYLE = Automatic;
				CURRENT_PROJECT_VERSION = 1;
				GENERATE_INFOPLIST_FILE = YES;
				INFOPLIST_FILE = Prefetching/Info.plist;
				INFOPLIST_KEY_UIApplicationSupportsIndirectInputEvents = YES;
				INFOPLIST_KEY_UILaunchStoryboardName = LaunchScreen;
				INFOPLIST_KEY_UIMainStoryboardFile = Main;
				INFOPLIST_KEY_UISupportedInterfaceOrientations_iPad = "UIInterfaceOrientationPortrait UIInterfaceOrientationPortraitUpsideDown UIInterfaceOrientationLandscapeLeft UIInterfaceOrientationLandscapeRight";
				INFOPLIST_KEY_UISupportedInterfaceOrientations_iPhone = "UIInterfaceOrientationPortrait UIInterfaceOrientationLandscapeLeft UIInterfaceOrientationLandscapeRight";
				LD_RUNPATH_SEARCH_PATHS = (
					"$(inherited)",
					"@executable_path/Frameworks",
				);
				MARKETING_VERSION = 1.0;
				PRODUCT_BUNDLE_IDENTIFIER = com.rkapps.Prefetching;
				PRODUCT_NAME = "$(TARGET_NAME)";
				SWIFT_EMIT_LOC_STRINGS = YES;
				SWIFT_VERSION = 5.0;
				TARGETED_DEVICE_FAMILY = "1,2";
			};
			name = Debug;
		};
		07C457B22BB9481D00EDE16F /* Release */ = {
			isa = XCBuildConfiguration;
			buildSettings = {
				ASSETCATALOG_COMPILER_APPICON_NAME = AppIcon;
				ASSETCATALOG_COMPILER_GLOBAL_ACCENT_COLOR_NAME = AccentColor;
				CODE_SIGN_STYLE = Automatic;
				CURRENT_PROJECT_VERSION = 1;
				GENERATE_INFOPLIST_FILE = YES;
				INFOPLIST_FILE = Prefetching/Info.plist;
				INFOPLIST_KEY_UIApplicationSupportsIndirectInputEvents = YES;
				INFOPLIST_KEY_UILaunchStoryboardName = LaunchScreen;
				INFOPLIST_KEY_UIMainStoryboardFile = Main;
				INFOPLIST_KEY_UISupportedInterfaceOrientations_iPad = "UIInterfaceOrientationPortrait UIInterfaceOrientationPortraitUpsideDown UIInterfaceOrientationLandscapeLeft UIInterfaceOrientationLandscapeRight";
				INFOPLIST_KEY_UISupportedInterfaceOrientations_iPhone = "UIInterfaceOrientationPortrait UIInterfaceOrientationLandscapeLeft UIInterfaceOrientationLandscapeRight";
				LD_RUNPATH_SEARCH_PATHS = (
					"$(inherited)",
					"@executable_path/Frameworks",
				);
				MARKETING_VERSION = 1.0;
				PRODUCT_BUNDLE_IDENTIFIER = com.rkapps.Prefetching;
				PRODUCT_NAME = "$(TARGET_NAME)";
				SWIFT_EMIT_LOC_STRINGS = YES;
				SWIFT_VERSION = 5.0;
				TARGETED_DEVICE_FAMILY = "1,2";
			};
			name = Release;
		};
/* End XCBuildConfiguration section */

/* Begin XCConfigurationList section */
		07C457972BB9481900EDE16F /* Build configuration list for PBXProject "Prefetching" */ = {
			isa = XCConfigurationList;
			buildConfigurations = (
				07C457AE2BB9481D00EDE16F /* Debug */,
				07C457AF2BB9481D00EDE16F /* Release */,
			);
			defaultConfigurationIsVisible = 0;
			defaultConfigurationName = Release;
		};
		07C457B02BB9481D00EDE16F /* Build configuration list for PBXNativeTarget "Prefetching" */ = {
			isa = XCConfigurationList;
			buildConfigurations = (
				07C457B12BB9481D00EDE16F /* Debug */,
				07C457B22BB9481D00EDE16F /* Release */,
			);
			defaultConfigurationIsVisible = 0;
			defaultConfigurationName = Release;
		};
/* End XCConfigurationList section */
	};
	rootObject = 07C457942BB9481900EDE16F /* Project object */;
}
